// !$*UTF8*$!
{
	archiveVersion = 1;
	classes = {
	};
	objectVersion = 50;
	objects = {

/* Begin PBXBuildFile section */
		015A246A2603165C00F7C370 /* BlueprintApp.swift in Sources */ = {isa = PBXBuildFile; fileRef = 015A24692603165C00F7C370 /* BlueprintApp.swift */; };
		015A246C2603165C00F7C370 /* ContentView.swift in Sources */ = {isa = PBXBuildFile; fileRef = 015A246B2603165C00F7C370 /* ContentView.swift */; };
		015A246E2603165E00F7C370 /* Assets.xcassets in Resources */ = {isa = PBXBuildFile; fileRef = 015A246D2603165E00F7C370 /* Assets.xcassets */; };
		015A24712603165E00F7C370 /* Preview Assets.xcassets in Resources */ = {isa = PBXBuildFile; fileRef = 015A24702603165E00F7C370 /* Preview Assets.xcassets */; };
		015A247C2603165F00F7C370 /* BlueprintTests.swift in Sources */ = {isa = PBXBuildFile; fileRef = 015A247B2603165F00F7C370 /* BlueprintTests.swift */; };
		015A24872603165F00F7C370 /* BlueprintUITests.swift in Sources */ = {isa = PBXBuildFile; fileRef = 015A24862603165F00F7C370 /* BlueprintUITests.swift */; };
/* End PBXBuildFile section */

/* Begin PBXContainerItemProxy section */
		015A24782603165F00F7C370 /* PBXContainerItemProxy */ = {
			isa = PBXContainerItemProxy;
			containerPortal = 015A245E2603165C00F7C370 /* Project object */;
			proxyType = 1;
			remoteGlobalIDString = 015A24652603165C00F7C370;
			remoteInfo = Blueprint;
		};
		015A24832603165F00F7C370 /* PBXContainerItemProxy */ = {
			isa = PBXContainerItemProxy;
			containerPortal = 015A245E2603165C00F7C370 /* Project object */;
			proxyType = 1;
			remoteGlobalIDString = 015A24652603165C00F7C370;
			remoteInfo = Blueprint;
		};
/* End PBXContainerItemProxy section */

/* Begin PBXFileReference section */
		015A24662603165C00F7C370 /* Blueprint.app */ = {isa = PBXFileReference; explicitFileType = wrapper.application; includeInIndex = 0; path = Blueprint.app; sourceTree = BUILT_PRODUCTS_DIR; };
		015A24692603165C00F7C370 /* BlueprintApp.swift */ = {isa = PBXFileReference; lastKnownFileType = sourcecode.swift; path = BlueprintApp.swift; sourceTree = "<group>"; };
		015A246B2603165C00F7C370 /* ContentView.swift */ = {isa = PBXFileReference; lastKnownFileType = sourcecode.swift; path = ContentView.swift; sourceTree = "<group>"; };
		015A246D2603165E00F7C370 /* Assets.xcassets */ = {isa = PBXFileReference; lastKnownFileType = folder.assetcatalog; path = Assets.xcassets; sourceTree = "<group>"; };
		015A24702603165E00F7C370 /* Preview Assets.xcassets */ = {isa = PBXFileReference; lastKnownFileType = folder.assetcatalog; path = "Preview Assets.xcassets"; sourceTree = "<group>"; };
		015A24722603165E00F7C370 /* Info.plist */ = {isa = PBXFileReference; lastKnownFileType = text.plist.xml; path = Info.plist; sourceTree = "<group>"; };
		015A24772603165F00F7C370 /* BlueprintTests.xctest */ = {isa = PBXFileReference; explicitFileType = wrapper.cfbundle; includeInIndex = 0; path = BlueprintTests.xctest; sourceTree = BUILT_PRODUCTS_DIR; };
		015A247B2603165F00F7C370 /* BlueprintTests.swift */ = {isa = PBXFileReference; lastKnownFileType = sourcecode.swift; path = BlueprintTests.swift; sourceTree = "<group>"; };
		015A247D2603165F00F7C370 /* Info.plist */ = {isa = PBXFileReference; lastKnownFileType = text.plist.xml; path = Info.plist; sourceTree = "<group>"; };
		015A24822603165F00F7C370 /* BlueprintUITests.xctest */ = {isa = PBXFileReference; explicitFileType = wrapper.cfbundle; includeInIndex = 0; path = BlueprintUITests.xctest; sourceTree = BUILT_PRODUCTS_DIR; };
		015A24862603165F00F7C370 /* BlueprintUITests.swift */ = {isa = PBXFileReference; lastKnownFileType = sourcecode.swift; path = BlueprintUITests.swift; sourceTree = "<group>"; };
		015A24882603165F00F7C370 /* Info.plist */ = {isa = PBXFileReference; lastKnownFileType = text.plist.xml; path = Info.plist; sourceTree = "<group>"; };
/* End PBXFileReference section */

/* Begin PBXFrameworksBuildPhase section */
		015A24632603165C00F7C370 /* Frameworks */ = {
			isa = PBXFrameworksBuildPhase;
			buildActionMask = 2147483647;
			files = (
			);
			runOnlyForDeploymentPostprocessing = 0;
		};
		015A24742603165F00F7C370 /* Frameworks */ = {
			isa = PBXFrameworksBuildPhase;
			buildActionMask = 2147483647;
			files = (
			);
			runOnlyForDeploymentPostprocessing = 0;
		};
		015A247F2603165F00F7C370 /* Frameworks */ = {
			isa = PBXFrameworksBuildPhase;
			buildActionMask = 2147483647;
			files = (
			);
			runOnlyForDeploymentPostprocessing = 0;
		};
/* End PBXFrameworksBuildPhase section */

/* Begin PBXGroup section */
		015A245D2603165C00F7C370 = {
			isa = PBXGroup;
			children = (
				015A24682603165C00F7C370 /* Blueprint */,
				015A247A2603165F00F7C370 /* BlueprintTests */,
				015A24852603165F00F7C370 /* BlueprintUITests */,
				015A24672603165C00F7C370 /* Products */,
			);
			sourceTree = "<group>";
		};
		015A24672603165C00F7C370 /* Products */ = {
			isa = PBXGroup;
			children = (
				015A24662603165C00F7C370 /* Blueprint.app */,
				015A24772603165F00F7C370 /* BlueprintTests.xctest */,
				015A24822603165F00F7C370 /* BlueprintUITests.xctest */,
			);
			name = Products;
			sourceTree = "<group>";
		};
		015A24682603165C00F7C370 /* Blueprint */ = {
			isa = PBXGroup;
			children = (
				015A24692603165C00F7C370 /* BlueprintApp.swift */,
				015A246B2603165C00F7C370 /* ContentView.swift */,
				015A246D2603165E00F7C370 /* Assets.xcassets */,
				015A24722603165E00F7C370 /* Info.plist */,
				015A246F2603165E00F7C370 /* Preview Content */,
			);
			path = Blueprint;
			sourceTree = "<group>";
		};
		015A246F2603165E00F7C370 /* Preview Content */ = {
			isa = PBXGroup;
			children = (
				015A24702603165E00F7C370 /* Preview Assets.xcassets */,
			);
			path = "Preview Content";
			sourceTree = "<group>";
		};
		015A247A2603165F00F7C370 /* BlueprintTests */ = {
			isa = PBXGroup;
			children = (
				015A247B2603165F00F7C370 /* BlueprintTests.swift */,
				015A247D2603165F00F7C370 /* Info.plist */,
			);
			path = BlueprintTests;
			sourceTree = "<group>";
		};
		015A24852603165F00F7C370 /* BlueprintUITests */ = {
			isa = PBXGroup;
			children = (
				015A24862603165F00F7C370 /* BlueprintUITests.swift */,
				015A24882603165F00F7C370 /* Info.plist */,
			);
			path = BlueprintUITests;
			sourceTree = "<group>";
		};
/* End PBXGroup section */

/* Begin PBXNativeTarget section */
		015A24652603165C00F7C370 /* Blueprint */ = {
			isa = PBXNativeTarget;
			buildConfigurationList = 015A248B2603165F00F7C370 /* Build configuration list for PBXNativeTarget "Blueprint" */;
			buildPhases = (
				015A24622603165C00F7C370 /* Sources */,
				015A24632603165C00F7C370 /* Frameworks */,
				015A24642603165C00F7C370 /* Resources */,
			);
			buildRules = (
			);
			dependencies = (
			);
			name = Blueprint;
			productName = Blueprint;
			productReference = 015A24662603165C00F7C370 /* Blueprint.app */;
			productType = "com.apple.product-type.application";
		};
		015A24762603165F00F7C370 /* BlueprintTests */ = {
			isa = PBXNativeTarget;
			buildConfigurationList = 015A248E2603165F00F7C370 /* Build configuration list for PBXNativeTarget "BlueprintTests" */;
			buildPhases = (
				015A24732603165F00F7C370 /* Sources */,
				015A24742603165F00F7C370 /* Frameworks */,
				015A24752603165F00F7C370 /* Resources */,
			);
			buildRules = (
			);
			dependencies = (
				015A24792603165F00F7C370 /* PBXTargetDependency */,
			);
			name = BlueprintTests;
			productName = BlueprintTests;
			productReference = 015A24772603165F00F7C370 /* BlueprintTests.xctest */;
			productType = "com.apple.product-type.bundle.unit-test";
		};
		015A24812603165F00F7C370 /* BlueprintUITests */ = {
			isa = PBXNativeTarget;
			buildConfigurationList = 015A24912603165F00F7C370 /* Build configuration list for PBXNativeTarget "BlueprintUITests" */;
			buildPhases = (
				015A247E2603165F00F7C370 /* Sources */,
				015A247F2603165F00F7C370 /* Frameworks */,
				015A24802603165F00F7C370 /* Resources */,
			);
			buildRules = (
			);
			dependencies = (
				015A24842603165F00F7C370 /* PBXTargetDependency */,
			);
			name = BlueprintUITests;
			productName = BlueprintUITests;
			productReference = 015A24822603165F00F7C370 /* BlueprintUITests.xctest */;
			productType = "com.apple.product-type.bundle.ui-testing";
		};
/* End PBXNativeTarget section */

/* Begin PBXProject section */
		015A245E2603165C00F7C370 /* Project object */ = {
			isa = PBXProject;
			attributes = {
				LastSwiftUpdateCheck = 1240;
				LastUpgradeCheck = 1240;
				TargetAttributes = {
					015A24652603165C00F7C370 = {
						CreatedOnToolsVersion = 12.4;
					};
					015A24762603165F00F7C370 = {
						CreatedOnToolsVersion = 12.4;
						TestTargetID = 015A24652603165C00F7C370;
					};
					015A24812603165F00F7C370 = {
						CreatedOnToolsVersion = 12.4;
						TestTargetID = 015A24652603165C00F7C370;
					};
				};
			};
			buildConfigurationList = 015A24612603165C00F7C370 /* Build configuration list for PBXProject "Blueprint" */;
			compatibilityVersion = "Xcode 9.3";
			developmentRegion = en;
			hasScannedForEncodings = 0;
			knownRegions = (
				en,
				Base,
			);
			mainGroup = 015A245D2603165C00F7C370;
			productRefGroup = 015A24672603165C00F7C370 /* Products */;
			projectDirPath = "";
			projectRoot = "";
			targets = (
				015A24652603165C00F7C370 /* Blueprint */,
				015A24762603165F00F7C370 /* BlueprintTests */,
				015A24812603165F00F7C370 /* BlueprintUITests */,
			);
		};
/* End PBXProject section */

/* Begin PBXResourcesBuildPhase section */
		015A24642603165C00F7C370 /* Resources */ = {
			isa = PBXResourcesBuildPhase;
			buildActionMask = 2147483647;
			files = (
				015A24712603165E00F7C370 /* Preview Assets.xcassets in Resources */,
				015A246E2603165E00F7C370 /* Assets.xcassets in Resources */,
			);
			runOnlyForDeploymentPostprocessing = 0;
		};
		015A24752603165F00F7C370 /* Resources */ = {
			isa = PBXResourcesBuildPhase;
			buildActionMask = 2147483647;
			files = (
			);
			runOnlyForDeploymentPostprocessing = 0;
		};
		015A24802603165F00F7C370 /* Resources */ = {
			isa = PBXResourcesBuildPhase;
			buildActionMask = 2147483647;
			files = (
			);
			runOnlyForDeploymentPostprocessing = 0;
		};
/* End PBXResourcesBuildPhase section */

/* Begin PBXSourcesBuildPhase section */
		015A24622603165C00F7C370 /* Sources */ = {
			isa = PBXSourcesBuildPhase;
			buildActionMask = 2147483647;
			files = (
				015A246C2603165C00F7C370 /* ContentView.swift in Sources */,
				015A246A2603165C00F7C370 /* BlueprintApp.swift in Sources */,
			);
			runOnlyForDeploymentPostprocessing = 0;
		};
		015A24732603165F00F7C370 /* Sources */ = {
			isa = PBXSourcesBuildPhase;
			buildActionMask = 2147483647;
			files = (
				015A247C2603165F00F7C370 /* BlueprintTests.swift in Sources */,
			);
			runOnlyForDeploymentPostprocessing = 0;
		};
		015A247E2603165F00F7C370 /* Sources */ = {
			isa = PBXSourcesBuildPhase;
			buildActionMask = 2147483647;
			files = (
				015A24872603165F00F7C370 /* BlueprintUITests.swift in Sources */,
			);
			runOnlyForDeploymentPostprocessing = 0;
		};
/* End PBXSourcesBuildPhase section */

/* Begin PBXTargetDependency section */
		015A24792603165F00F7C370 /* PBXTargetDependency */ = {
			isa = PBXTargetDependency;
			target = 015A24652603165C00F7C370 /* Blueprint */;
			targetProxy = 015A24782603165F00F7C370 /* PBXContainerItemProxy */;
		};
		015A24842603165F00F7C370 /* PBXTargetDependency */ = {
			isa = PBXTargetDependency;
			target = 015A24652603165C00F7C370 /* Blueprint */;
			targetProxy = 015A24832603165F00F7C370 /* PBXContainerItemProxy */;
		};
/* End PBXTargetDependency section */

/* Begin XCBuildConfiguration section */
		015A24892603165F00F7C370 /* Debug */ = {
			isa = XCBuildConfiguration;
			buildSettings = {
				ALWAYS_SEARCH_USER_PATHS = NO;
				CLANG_ANALYZER_NONNULL = YES;
				CLANG_ANALYZER_NUMBER_OBJECT_CONVERSION = YES_AGGRESSIVE;
				CLANG_CXX_LANGUAGE_STANDARD = "gnu++14";
				CLANG_CXX_LIBRARY = "libc++";
				CLANG_ENABLE_MODULES = YES;
				CLANG_ENABLE_OBJC_ARC = YES;
				CLANG_ENABLE_OBJC_WEAK = YES;
				CLANG_WARN_BLOCK_CAPTURE_AUTORELEASING = YES;
				CLANG_WARN_BOOL_CONVERSION = YES;
				CLANG_WARN_COMMA = YES;
				CLANG_WARN_CONSTANT_CONVERSION = YES;
				CLANG_WARN_DEPRECATED_OBJC_IMPLEMENTATIONS = YES;
				CLANG_WARN_DIRECT_OBJC_ISA_USAGE = YES_ERROR;
				CLANG_WARN_DOCUMENTATION_COMMENTS = YES;
				CLANG_WARN_EMPTY_BODY = YES;
				CLANG_WARN_ENUM_CONVERSION = YES;
				CLANG_WARN_INFINITE_RECURSION = YES;
				CLANG_WARN_INT_CONVERSION = YES;
				CLANG_WARN_NON_LITERAL_NULL_CONVERSION = YES;
				CLANG_WARN_OBJC_IMPLICIT_RETAIN_SELF = YES;
				CLANG_WARN_OBJC_LITERAL_CONVERSION = YES;
				CLANG_WARN_OBJC_ROOT_CLASS = YES_ERROR;
				CLANG_WARN_QUOTED_INCLUDE_IN_FRAMEWORK_HEADER = YES;
				CLANG_WARN_RANGE_LOOP_ANALYSIS = YES;
				CLANG_WARN_STRICT_PROTOTYPES = YES;
				CLANG_WARN_SUSPICIOUS_MOVE = YES;
				CLANG_WARN_UNGUARDED_AVAILABILITY = YES_AGGRESSIVE;
				CLANG_WARN_UNREACHABLE_CODE = YES;
				CLANG_WARN__DUPLICATE_METHOD_MATCH = YES;
				COPY_PHASE_STRIP = NO;
				DEBUG_INFORMATION_FORMAT = dwarf;
				ENABLE_STRICT_OBJC_MSGSEND = YES;
				ENABLE_TESTABILITY = YES;
				GCC_C_LANGUAGE_STANDARD = gnu11;
				GCC_DYNAMIC_NO_PIC = NO;
				GCC_NO_COMMON_BLOCKS = YES;
				GCC_OPTIMIZATION_LEVEL = 0;
				GCC_PREPROCESSOR_DEFINITIONS = (
					"DEBUG=1",
					"$(inherited)",
				);
				GCC_WARN_64_TO_32_BIT_CONVERSION = YES;
				GCC_WARN_ABOUT_RETURN_TYPE = YES_ERROR;
				GCC_WARN_UNDECLARED_SELECTOR = YES;
				GCC_WARN_UNINITIALIZED_AUTOS = YES_AGGRESSIVE;
				GCC_WARN_UNUSED_FUNCTION = YES;
				GCC_WARN_UNUSED_VARIABLE = YES;
				IPHONEOS_DEPLOYMENT_TARGET = 14.4;
				MTL_ENABLE_DEBUG_INFO = INCLUDE_SOURCE;
				MTL_FAST_MATH = YES;
				ONLY_ACTIVE_ARCH = YES;
				SDKROOT = iphoneos;
				SWIFT_ACTIVE_COMPILATION_CONDITIONS = DEBUG;
				SWIFT_OPTIMIZATION_LEVEL = "-Onone";
			};
			name = Debug;
		};
		015A248A2603165F00F7C370 /* Release */ = {
			isa = XCBuildConfiguration;
			buildSettings = {
				ALWAYS_SEARCH_USER_PATHS = NO;
				CLANG_ANALYZER_NONNULL = YES;
				CLANG_ANALYZER_NUMBER_OBJECT_CONVERSION = YES_AGGRESSIVE;
				CLANG_CXX_LANGUAGE_STANDARD = "gnu++14";
				CLANG_CXX_LIBRARY = "libc++";
				CLANG_ENABLE_MODULES = YES;
				CLANG_ENABLE_OBJC_ARC = YES;
				CLANG_ENABLE_OBJC_WEAK = YES;
				CLANG_WARN_BLOCK_CAPTURE_AUTORELEASING = YES;
				CLANG_WARN_BOOL_CONVERSION = YES;
				CLANG_WARN_COMMA = YES;
				CLANG_WARN_CONSTANT_CONVERSION = YES;
				CLANG_WARN_DEPRECATED_OBJC_IMPLEMENTATIONS = YES;
				CLANG_WARN_DIRECT_OBJC_ISA_USAGE = YES_ERROR;
				CLANG_WARN_DOCUMENTATION_COMMENTS = YES;
				CLANG_WARN_EMPTY_BODY = YES;
				CLANG_WARN_ENUM_CONVERSION = YES;
				CLANG_WARN_INFINITE_RECURSION = YES;
				CLANG_WARN_INT_CONVERSION = YES;
				CLANG_WARN_NON_LITERAL_NULL_CONVERSION = YES;
				CLANG_WARN_OBJC_IMPLICIT_RETAIN_SELF = YES;
				CLANG_WARN_OBJC_LITERAL_CONVERSION = YES;
				CLANG_WARN_OBJC_ROOT_CLASS = YES_ERROR;
				CLANG_WARN_QUOTED_INCLUDE_IN_FRAMEWORK_HEADER = YES;
				CLANG_WARN_RANGE_LOOP_ANALYSIS = YES;
				CLANG_WARN_STRICT_PROTOTYPES = YES;
				CLANG_WARN_SUSPICIOUS_MOVE = YES;
				CLANG_WARN_UNGUARDED_AVAILABILITY = YES_AGGRESSIVE;
				CLANG_WARN_UNREACHABLE_CODE = YES;
				CLANG_WARN__DUPLICATE_METHOD_MATCH = YES;
				COPY_PHASE_STRIP = NO;
				DEBUG_INFORMATION_FORMAT = "dwarf-with-dsym";
				ENABLE_NS_ASSERTIONS = NO;
				ENABLE_STRICT_OBJC_MSGSEND = YES;
				GCC_C_LANGUAGE_STANDARD = gnu11;
				GCC_NO_COMMON_BLOCKS = YES;
				GCC_WARN_64_TO_32_BIT_CONVERSION = YES;
				GCC_WARN_ABOUT_RETURN_TYPE = YES_ERROR;
				GCC_WARN_UNDECLARED_SELECTOR = YES;
				GCC_WARN_UNINITIALIZED_AUTOS = YES_AGGRESSIVE;
				GCC_WARN_UNUSED_FUNCTION = YES;
				GCC_WARN_UNUSED_VARIABLE = YES;
				IPHONEOS_DEPLOYMENT_TARGET = 14.4;
				MTL_ENABLE_DEBUG_INFO = NO;
				MTL_FAST_MATH = YES;
				SDKROOT = iphoneos;
				SWIFT_COMPILATION_MODE = wholemodule;
				SWIFT_OPTIMIZATION_LEVEL = "-O";
				VALIDATE_PRODUCT = YES;
			};
			name = Release;
		};
		015A248C2603165F00F7C370 /* Debug */ = {
			isa = XCBuildConfiguration;
			buildSettings = {
				ASSETCATALOG_COMPILER_APPICON_NAME = AppIcon;
				ASSETCATALOG_COMPILER_GLOBAL_ACCENT_COLOR_NAME = AccentColor;
				CODE_SIGN_STYLE = Automatic;
				DEVELOPMENT_ASSET_PATHS = "\"Blueprint/Preview Content\"";
				ENABLE_PREVIEWS = YES;
				INFOPLIST_FILE = Blueprint/Info.plist;
				IPHONEOS_DEPLOYMENT_TARGET = 14.0;
				LD_RUNPATH_SEARCH_PATHS = (
					"$(inherited)",
					"@executable_path/Frameworks",
				);
				PRODUCT_BUNDLE_IDENTIFIER = com.Blueprint;
				PRODUCT_NAME = "$(TARGET_NAME)";
				SWIFT_VERSION = 5.0;
				TARGETED_DEVICE_FAMILY = "1,2";
			};
			name = Debug;
		};
		015A248D2603165F00F7C370 /* Release */ = {
			isa = XCBuildConfiguration;
			buildSettings = {
				ASSETCATALOG_COMPILER_APPICON_NAME = AppIcon;
				ASSETCATALOG_COMPILER_GLOBAL_ACCENT_COLOR_NAME = AccentColor;
				CODE_SIGN_STYLE = Automatic;
				DEVELOPMENT_ASSET_PATHS = "\"Blueprint/Preview Content\"";
				ENABLE_PREVIEWS = YES;
				INFOPLIST_FILE = Blueprint/Info.plist;
				IPHONEOS_DEPLOYMENT_TARGET = 14.0;
				LD_RUNPATH_SEARCH_PATHS = (
					"$(inherited)",
					"@executable_path/Frameworks",
				);
				PRODUCT_BUNDLE_IDENTIFIER = com.Blueprint;
				PRODUCT_NAME = "$(TARGET_NAME)";
				SWIFT_VERSION = 5.0;
				TARGETED_DEVICE_FAMILY = "1,2";
			};
			name = Release;
		};
		015A248F2603165F00F7C370 /* Debug */ = {
			isa = XCBuildConfiguration;
			buildSettings = {
				ALWAYS_EMBED_SWIFT_STANDARD_LIBRARIES = YES;
				BUNDLE_LOADER = "$(TEST_HOST)";
				CODE_SIGN_STYLE = Automatic;
				INFOPLIST_FILE = BlueprintTests/Info.plist;
				IPHONEOS_DEPLOYMENT_TARGET = 14.0;
				LD_RUNPATH_SEARCH_PATHS = (
					"$(inherited)",
					"@executable_path/Frameworks",
					"@loader_path/Frameworks",
				);
				PRODUCT_BUNDLE_IDENTIFIER = com.BlueprintTests;
				PRODUCT_NAME = "$(TARGET_NAME)";
				SWIFT_VERSION = 5.0;
				TARGETED_DEVICE_FAMILY = "1,2";
				TEST_HOST = "$(BUILT_PRODUCTS_DIR)/Blueprint.app/Blueprint";
			};
			name = Debug;
		};
		015A24902603165F00F7C370 /* Release */ = {
			isa = XCBuildConfiguration;
			buildSettings = {
				ALWAYS_EMBED_SWIFT_STANDARD_LIBRARIES = YES;
				BUNDLE_LOADER = "$(TEST_HOST)";
				CODE_SIGN_STYLE = Automatic;
				INFOPLIST_FILE = BlueprintTests/Info.plist;
				IPHONEOS_DEPLOYMENT_TARGET = 14.0;
				LD_RUNPATH_SEARCH_PATHS = (
					"$(inherited)",
					"@executable_path/Frameworks",
					"@loader_path/Frameworks",
				);
				PRODUCT_BUNDLE_IDENTIFIER = com.BlueprintTests;
				PRODUCT_NAME = "$(TARGET_NAME)";
				SWIFT_VERSION = 5.0;
				TARGETED_DEVICE_FAMILY = "1,2";
				TEST_HOST = "$(BUILT_PRODUCTS_DIR)/Blueprint.app/Blueprint";
			};
			name = Release;
		};
		015A24922603165F00F7C370 /* Debug */ = {
			isa = XCBuildConfiguration;
			buildSettings = {
				ALWAYS_EMBED_SWIFT_STANDARD_LIBRARIES = YES;
				CODE_SIGN_STYLE = Automatic;
				INFOPLIST_FILE = BlueprintUITests/Info.plist;
				LD_RUNPATH_SEARCH_PATHS = (
					"$(inherited)",
					"@executable_path/Frameworks",
					"@loader_path/Frameworks",
				);
				PRODUCT_BUNDLE_IDENTIFIER = com.BlueprintUITests;
				PRODUCT_NAME = "$(TARGET_NAME)";
				SWIFT_VERSION = 5.0;
				TARGETED_DEVICE_FAMILY = "1,2";
				TEST_TARGET_NAME = Blueprint;
			};
			name = Debug;
		};
		015A24932603165F00F7C370 /* Release */ = {
			isa = XCBuildConfiguration;
			buildSettings = {
				ALWAYS_EMBED_SWIFT_STANDARD_LIBRARIES = YES;
				CODE_SIGN_STYLE = Automatic;
				INFOPLIST_FILE = BlueprintUITests/Info.plist;
				LD_RUNPATH_SEARCH_PATHS = (
					"$(inherited)",
					"@executable_path/Frameworks",
					"@loader_path/Frameworks",
				);
				PRODUCT_BUNDLE_IDENTIFIER = com.BlueprintUITests;
				PRODUCT_NAME = "$(TARGET_NAME)";
				SWIFT_VERSION = 5.0;
				TARGETED_DEVICE_FAMILY = "1,2";
				TEST_TARGET_NAME = Blueprint;
			};
			name = Release;
		};
/* End XCBuildConfiguration section */

/* Begin XCConfigurationList section */
		015A24612603165C00F7C370 /* Build configuration list for PBXProject "Blueprint" */ = {
			isa = XCConfigurationList;
			buildConfigurations = (
				015A24892603165F00F7C370 /* Debug */,
				015A248A2603165F00F7C370 /* Release */,
			);
			defaultConfigurationIsVisible = 0;
			defaultConfigurationName = Release;
		};
		015A248B2603165F00F7C370 /* Build configuration list for PBXNativeTarget "Blueprint" */ = {
			isa = XCConfigurationList;
			buildConfigurations = (
				015A248C2603165F00F7C370 /* Debug */,
				015A248D2603165F00F7C370 /* Release */,
			);
			defaultConfigurationIsVisible = 0;
			defaultConfigurationName = Release;
		};
		015A248E2603165F00F7C370 /* Build configuration list for PBXNativeTarget "BlueprintTests" */ = {
			isa = XCConfigurationList;
			buildConfigurations = (
				015A248F2603165F00F7C370 /* Debug */,
				015A24902603165F00F7C370 /* Release */,
			);
			defaultConfigurationIsVisible = 0;
			defaultConfigurationName = Release;
		};
		015A24912603165F00F7C370 /* Build configuration list for PBXNativeTarget "BlueprintUITests" */ = {
			isa = XCConfigurationList;
			buildConfigurations = (
				015A24922603165F00F7C370 /* Debug */,
				015A24932603165F00F7C370 /* Release */,
			);
			defaultConfigurationIsVisible = 0;
			defaultConfigurationName = Release;
		};
/* End XCConfigurationList section */
	};
	rootObject = 015A245E2603165C00F7C370 /* Project object */;
}
